
Microsoft Visual Studio Solution File, Format Version 12.00
# Visual Studio Version 17
VisualStudioVersion = 17.12.35527.113 d17.12
MinimumVisualStudioVersion = 10.0.40219.1
Project("{FAE04EC0-301F-11D3-BF4B-00C04F79EFBC}") = "LocatorApp", "LocatorApp\LocatorApp.csproj", "{D9399260-91C3-4CEE-BA8A-EC4DA57A28E6}"
EndProject
Project("{FAE04EC0-301F-11D3-BF4B-00C04F79EFBC}") = "Locator.utility", "Locator.utility\Locator.utility.csproj", "{9EE8D80B-4D6D-40DE-920D-08A92A4BA0BA}"
EndProject
Project("{FAE04EC0-301F-11D3-BF4B-00C04F79EFBC}") = "Locator.Models", "Locator.Models\Locator.Models.csproj", "{1571605F-B40F-4E77-8F55-FDC482DFBC1B}"
EndProject
Global
	GlobalSection(SolutionConfigurationPlatforms) = preSolution
		Debug|Any CPU = Debug|Any CPU
		Release|Any CPU = Release|Any CPU
	EndGlobalSection
	GlobalSection(ProjectConfigurationPlatforms) = postSolution
		{D9399260-91C3-4CEE-BA8A-EC4DA57A28E6}.Debug|Any CPU.ActiveCfg = Debug|Any CPU
		{D9399260-91C3-4CEE-BA8A-EC4DA57A28E6}.Debug|Any CPU.Build.0 = Debug|Any CPU
		{D9399260-91C3-4CEE-BA8A-EC4DA57A28E6}.Release|Any CPU.ActiveCfg = Release|Any CPU
		{D9399260-91C3-4CEE-BA8A-EC4DA57A28E6}.Release|Any CPU.Build.0 = Release|Any CPU
		{9EE8D80B-4D6D-40DE-920D-08A92A4BA0BA}.Debug|Any CPU.ActiveCfg = Debug|Any CPU
		{9EE8D80B-4D6D-40DE-920D-08A92A4BA0BA}.Debug|Any CPU.Build.0 = Debug|Any CPU
		{9EE8D80B-4D6D-40DE-920D-08A92A4BA0BA}.Release|Any CPU.ActiveCfg = Release|Any CPU
		{9EE8D80B-4D6D-40DE-920D-08A92A4BA0BA}.Release|Any CPU.Build.0 = Release|Any CPU
		{1571605F-B40F-4E77-8F55-FDC482DFBC1B}.Debug|Any CPU.ActiveCfg = Debug|Any CPU
		{1571605F-B40F-4E77-8F55-FDC482DFBC1B}.Debug|Any CPU.Build.0 = Debug|Any CPU
		{1571605F-B40F-4E77-8F55-FDC482DFBC1B}.Release|Any CPU.ActiveCfg = Release|Any CPU
		{1571605F-B40F-4E77-8F55-FDC482DFBC1B}.Release|Any CPU.Build.0 = Release|Any CPU
	EndGlobalSection
	GlobalSection(SolutionProperties) = preSolution
		HideSolutionNode = FALSE
	EndGlobalSection
EndGlobal
